
Microsoft Visual Studio Solution File, Format Version 12.00
# Visual Studio Version 16
VisualStudioVersion = 16.0.29102.190
MinimumVisualStudioVersion = 10.0.40219.1
Project("{9A19103F-16F7-4668-BE54-9A1E7A4F7556}") = "BankioskAPI", "BankioskAPI.csproj", "{81E31C6E-D030-4AE3-B93C-9E2EFA1CAB1B}"
EndProject
Global
	GlobalSection(SolutionConfigurationPlatforms) = preSolution
		Debug|Any CPU = Debug|Any CPU
		Release|Any CPU = Release|Any CPU
	EndGlobalSection
	GlobalSection(ProjectConfigurationPlatforms) = postSolution
		{81E31C6E-D030-4AE3-B93C-9E2EFA1CAB1B}.Debug|Any CPU.ActiveCfg = Debug|Any CPU
		{81E31C6E-D030-4AE3-B93C-9E2EFA1CAB1B}.Debug|Any CPU.Build.0 = Debug|Any CPU
		{81E31C6E-D030-4AE3-B93C-9E2EFA1CAB1B}.Release|Any CPU.ActiveCfg = Release|Any CPU
		{81E31C6E-D030-4AE3-B93C-9E2EFA1CAB1B}.Release|Any CPU.Build.0 = Release|Any CPU
	EndGlobalSection
	GlobalSection(SolutionProperties) = preSolution
		HideSolutionNode = FALSE
	EndGlobalSection
	GlobalSection(ExtensibilityGlobals) = postSolution
		SolutionGuid = {B90ACFD8-84EF-459E-9505-218E0C236218}
	EndGlobalSection
EndGlobal
